
Microsoft Visual Studio Solution File, Format Version 12.00
# Visual Studio Version 17
VisualStudioVersion = 17.5.33516.290
MinimumVisualStudioVersion = 10.0.40219.1
Project("{FAE04EC0-301F-11D3-BF4B-00C04F79EFBC}") = "backSupre", "backSupre\backSupre.csproj", "{F220AB5B-FC9C-4D07-A6A7-501AFB7A27BA}"
EndProject
Global
	GlobalSection(SolutionConfigurationPlatforms) = preSolution
		Debug|Any CPU = Debug|Any CPU
		Release|Any CPU = Release|Any CPU
	EndGlobalSection
	GlobalSection(ProjectConfigurationPlatforms) = postSolution
		{F220AB5B-FC9C-4D07-A6A7-501AFB7A27BA}.Debug|Any CPU.ActiveCfg = Debug|Any CPU
		{F220AB5B-FC9C-4D07-A6A7-501AFB7A27BA}.Debug|Any CPU.Build.0 = Debug|Any CPU
		{F220AB5B-FC9C-4D07-A6A7-501AFB7A27BA}.Release|Any CPU.ActiveCfg = Release|Any CPU
		{F220AB5B-FC9C-4D07-A6A7-501AFB7A27BA}.Release|Any CPU.Build.0 = Release|Any CPU
	EndGlobalSection
	GlobalSection(SolutionProperties) = preSolution
		HideSolutionNode = FALSE
	EndGlobalSection
	GlobalSection(ExtensibilityGlobals) = postSolution
		SolutionGuid = {C0DAA8B2-350E-451A-9FED-342697CEDC77}
	EndGlobalSection
EndGlobal
